
Microsoft Visual Studio Solution File, Format Version 12.00
# Visual Studio Version 17
VisualStudioVersion = 17.4.33213.308
MinimumVisualStudioVersion = 10.0.40219.1
Project("{9A19103F-16F7-4668-BE54-9A1E7A4F7556}") = "KA3DConvert.CLI", "KA3DConvert.CLI\KA3DConvert.CLI.csproj", "{3EE00112-6A6A-4C3D-9346-6462056E37F2}"
EndProject
Project("{9A19103F-16F7-4668-BE54-9A1E7A4F7556}") = "KA3DConvert.Library", "KA3DConvert.Library\KA3DConvert.Library.csproj", "{958EBB55-FC13-4C62-A2DE-31199EDF3C02}"
EndProject
Global
	GlobalSection(SolutionConfigurationPlatforms) = preSolution
		Debug|Any CPU = Debug|Any CPU
		Release|Any CPU = Release|Any CPU
	EndGlobalSection
	GlobalSection(ProjectConfigurationPlatforms) = postSolution
		{3EE00112-6A6A-4C3D-9346-6462056E37F2}.Debug|Any CPU.ActiveCfg = Debug|Any CPU
		{3EE00112-6A6A-4C3D-9346-6462056E37F2}.Debug|Any CPU.Build.0 = Debug|Any CPU
		{3EE00112-6A6A-4C3D-9346-6462056E37F2}.Release|Any CPU.ActiveCfg = Release|Any CPU
		{3EE00112-6A6A-4C3D-9346-6462056E37F2}.Release|Any CPU.Build.0 = Release|Any CPU
		{958EBB55-FC13-4C62-A2DE-31199EDF3C02}.Debug|Any CPU.ActiveCfg = Debug|Any CPU
		{958EBB55-FC13-4C62-A2DE-31199EDF3C02}.Debug|Any CPU.Build.0 = Debug|Any CPU
		{958EBB55-FC13-4C62-A2DE-31199EDF3C02}.Release|Any CPU.ActiveCfg = Release|Any CPU
		{958EBB55-FC13-4C62-A2DE-31199EDF3C02}.Release|Any CPU.Build.0 = Release|Any CPU
	EndGlobalSection
	GlobalSection(SolutionProperties) = preSolution
		HideSolutionNode = FALSE
	EndGlobalSection
	GlobalSection(ExtensibilityGlobals) = postSolution
		SolutionGuid = {C3E6BB25-D9E9-4B24-BF27-ECE7EEB9DA67}
	EndGlobalSection
EndGlobal
